
Microsoft Visual Studio Solution File, Format Version 12.00
Project("{FAE04EC0-301F-11D3-BF4B-00C04F79EFBC}") = "logic-expert", "logic-expert.csproj", "{6BAA0AF1-043F-4D36-AED9-1EF8A7B2EBFC}"
EndProject
Global
	GlobalSection(SolutionConfigurationPlatforms) = preSolution
		Debug|Any CPU = Debug|Any CPU
		Release|Any CPU = Release|Any CPU
	EndGlobalSection
	GlobalSection(ProjectConfigurationPlatforms) = postSolution
		{6BAA0AF1-043F-4D36-AED9-1EF8A7B2EBFC}.Debug|Any CPU.ActiveCfg = Debug|Any CPU
		{6BAA0AF1-043F-4D36-AED9-1EF8A7B2EBFC}.Debug|Any CPU.Build.0 = Debug|Any CPU
		{6BAA0AF1-043F-4D36-AED9-1EF8A7B2EBFC}.Release|Any CPU.ActiveCfg = Release|Any CPU
		{6BAA0AF1-043F-4D36-AED9-1EF8A7B2EBFC}.Release|Any CPU.Build.0 = Release|Any CPU
	EndGlobalSection
EndGlobal
